{
    "_readme": [
        "This file locks the dependencies of your project to a known state",
        "Read more about it at https://getcomposer.org/doc/01-basic-usage.md#installing-dependencies",
        "This file is @generated automatically"
    ],
    "content-hash": "1265ace73c0bc719c3f7e0515059c052",
    "packages": [
        {
            "name": "composer/installers",
            "version": "v2.3.0",
            "source": {
                "type": "git",
                "url": "https://github.com/composer/installers.git",
                "reference": "12fb2dfe5e16183de69e784a7b84046c43d97e8e"
            },
            "dist": {
                "type": "zip",
                "url": "https://api.github.com/repos/composer/installers/zipball/12fb2dfe5e16183de69e784a7b84046c43d97e8e",
                "reference": "12fb2dfe5e16183de69e784a7b84046c43d97e8e",
                "shasum": ""
            },
            "require": {
                "composer-plugin-api": "^1.0 || ^2.0",
                "php": "^7.2 || ^8.0"
            },
            "require-dev": {
                "composer/composer": "^1.10.27 || ^2.7",
                "composer/semver": "^1.7.2 || ^3.4.0",
                "phpstan/phpstan": "^1.11",
                "phpstan/phpstan-phpunit": "^1",
                "symfony/phpunit-bridge": "^7.1.1",
                "symfony/process": "^5 || ^6 || ^7"
            },
            "type": "composer-plugin",
            "extra": {
                "class": "Composer\\Installers\\Plugin",
                "branch-alias": {
                    "dev-main": "2.x-dev"
                },
                "plugin-modifies-install-path": true
            },
            "autoload": {
                "psr-4": {
                    "Composer\\Installers\\": "src/Composer/Installers"
                }
            },
            "notification-url": "https://packagist.org/downloads/",
            "license": [
                "MIT"
            ],
            "authors": [
                {
                    "name": "Kyle Robinson Young",
                    "email": "kyle@dontkry.com",
                    "homepage": "https://github.com/shama"
                }
            ],
            "description": "A multi-framework Composer library installer",
            "homepage": "https://composer.github.io/installers/",
            "keywords": [
                "Dolibarr",
                "Eliasis",
                "Hurad",
                "ImageCMS",
                "Kanboard",
                "Lan Management System",
                "MODX Evo",
                "MantisBT",
                "Mautic",
                "Maya",
                "OXID",
                "Plentymarkets",
                "Porto",
                "RadPHP",
                "SMF",
                "Starbug",
                "Thelia",
                "Whmcs",
                "WolfCMS",
                "agl",
                "annotatecms",
                "attogram",
                "bitrix",
                "cakephp",
                "chef",
                "cockpit",
                "codeigniter",
                "concrete5",
                "concreteCMS",
                "croogo",
                "dokuwiki",
                "drupal",
                "eZ Platform",
                "elgg",
                "expressionengine",
                "fuelphp",
                "grav",
                "installer",
                "itop",
                "known",
                "kohana",
                "laravel",
                "lavalite",
                "lithium",
                "magento",
                "majima",
                "mako",
                "matomo",
                "mediawiki",
                "miaoxing",
                "modulework",
                "modx",
                "moodle",
                "osclass",
                "pantheon",
                "phpbb",
                "piwik",
                "ppi",
                "processwire",
                "puppet",
                "pxcms",
                "reindex",
                "roundcube",
                "shopware",
                "silverstripe",
                "sydes",
                "sylius",
                "tastyigniter",
                "wordpress",
                "yawik",
                "zend",
                "zikula"
            ],
            "support": {
                "issues": "https://github.com/composer/installers/issues",
                "source": "https://github.com/composer/installers/tree/v2.3.0"
            },
            "funding": [
                {
                    "url": "https://packagist.com",
                    "type": "custom"
                },
                {
                    "url": "https://github.com/composer",
                    "type": "github"
                },
                {
                    "url": "https://tidelift.com/funding/github/packagist/composer/composer",
                    "type": "tidelift"
                }
            ],
            "time": "2024-06-24T20:46:46+00:00"
        },
        {
            "name": "highcharts/3d",
            "version": "11.3.0",
            "dist": {
                "type": "file",
                "url": "https://code.highcharts.com/11.3.0/highcharts-3d.js"
            },
            "require": {
                "composer/installers": "~2.0"
            },
            "type": "drupal-library",
            "extra": {
                "installer-name": "highcharts_3d"
            }
        },
        {
            "name": "highcharts/accessibility",
            "version": "11.3.0",
            "dist": {
                "type": "file",
                "url": "https://code.highcharts.com/11.3.0/modules/accessibility.js"
            },
            "require": {
                "composer/installers": "~2.0"
            },
            "type": "drupal-library",
            "extra": {
                "installer-name": "highcharts_accessibility"
            }
        },
        {
            "name": "highcharts/export-data",
            "version": "11.3.0",
            "dist": {
                "type": "file",
                "url": "https://code.highcharts.com/11.3.0/modules/export-data.js"
            },
            "require": {
                "composer/installers": "~2.0"
            },
            "type": "drupal-library",
            "extra": {
                "installer-name": "highcharts_export-data"
            }
        },
        {
            "name": "highcharts/exporting",
            "version": "11.3.0",
            "dist": {
                "type": "file",
                "url": "https://code.highcharts.com/11.3.0/modules/exporting.js"
            },
            "require": {
                "composer/installers": "~2.0"
            },
            "type": "drupal-library",
            "extra": {
                "installer-name": "highcharts_exporting"
            }
        },
        {
            "name": "highcharts/highcharts",
            "version": "11.3.0",
            "dist": {
                "type": "file",
                "url": "https://code.highcharts.com/11.3.0/highcharts.js"
            },
            "require": {
                "composer/installers": "~2.0"
            },
            "type": "drupal-library",
            "extra": {
                "installer-name": "highcharts"
            }
        },
        {
            "name": "highcharts/more",
            "version": "11.3.0",
            "dist": {
                "type": "file",
                "url": "https://code.highcharts.com/11.3.0/highcharts-more.js"
            },
            "require": {
                "composer/installers": "~2.0"
            },
            "type": "drupal-library",
            "extra": {
                "installer-name": "highcharts_more"
            }
        }
    ],
    "packages-dev": [],
    "aliases": [],
    "minimum-stability": "stable",
    "stability-flags": [],
    "prefer-stable": false,
    "prefer-lowest": false,
    "platform": [],
    "platform-dev": [],
    "plugin-api-version": "2.3.0"
}
