uuid: be984e8c-25b4-4ea8-b6da-0565d2cf9e14
langcode: en
status: true
dependencies:
  config:
    - views.view.magazine_index
  module:
    - block_visibility_groups
    - system
    - views
  theme:
    - barrio_carlson
id: magazine_block
theme: barrio_carlson
region: node_content
weight: -33
provider: null
plugin: 'views_block:magazine_index-block_1'
settings:
  id: 'views_block:magazine_index-block_1'
  label: ''
  label_display: '0'
  provider: views
  views_label: ''
  items_per_page: none
  exposed: {  }
visibility:
  condition_group:
    id: condition_group
    negate: false
    context_mapping: {  }
    block_visibility_group: ''
  request_path:
    id: request_path
    negate: false
    context_mapping: {  }
    pages: /magazine
