uuid: f251c0e9-ebfd-49fa-a5e6-a19f34e96e0e
langcode: en
status: true
dependencies:
  config:
    - field.storage.paragraph.field_block
    - paragraphs.paragraphs_type.block_paragraph
  module:
    - block_field
id: paragraph.block_paragraph.field_block
field_name: field_block
entity_type: paragraph
bundle: block_paragraph
label: Block
description: ''
required: false
translatable: false
default_value: {  }
default_value_callback: ''
settings:
  selection: blocks
  selection_settings:
    plugin_ids: {  }
field_type: block_field
