uuid: df936f2c-6837-4949-9084-bad28e36ebf5
langcode: en
status: true
dependencies:
  module:
    - block_content
    - node
_core:
  default_config_hash: 8fhqEtn_3wbhbgwwx4-k1zvRqk_REXyRKoziNwRRXKM
id: node.field_cta_block
field_name: field_cta_block
entity_type: node
type: entity_reference
settings:
  target_type: block_content
module: core
locked: false
cardinality: 1
translatable: true
indexes: {  }
persist_with_no_fields: false
custom_storage: false
