langcode: en
status: true
dependencies:
  config:
    - block_content.type.cta_block
    - field.storage.node.field_cta_block
    - node.type.page
id: node.page.field_cta_block
field_name: field_cta_block
entity_type: node
bundle: page
label: 'Call to Action'
description: ''
required: false
translatable: false
default_value: {  }
default_value_callback: ''
settings:
  handler: 'default:block_content'
  handler_settings:
    target_bundles:
      cta_block: cta_block
    sort:
      field: _none
    auto_create: true
    auto_create_bundle: ''
field_type: entity_reference
