uuid: f7e5f424-34fb-46d7-b506-e38816f8e861
langcode: en
status: true
dependencies: {  }
id: inner_nav_cta_block
label: 'Inner Nav CTA Block'
revision: false
description: 'Use Inner Nav CTA Blocks for the blocks that are displayed with content. These typically link to things like "Apply, Attend, Request Info"'
