uuid: 269d2d15-f281-4bcf-9b88-279562df6850
langcode: en
status: true
dependencies: {  }
_core:
  default_config_hash: sjHd9Hb_TRS4Uodx142ulMxm7SoFLK0Jtp4zWwcubwA
id: cta_block
label: 'Left Sidebar CTA Block'
revision: 1
description: 'Use <em>Left Sidebar CTA Blocks</em> for the blocks that are displayed in the left sidebar.  These typically link to things like "Apply, Attend, Request Info"'
