uuid: f3c46b6d-92fe-4881-9eff-a4b7e4c27afc
langcode: en
status: true
dependencies:
  module:
    - block_visibility_groups
    - course_comparison_table
    - system
  theme:
    - carlson_refresh
id: carlson_refresh_coursecomparisontableblock
theme: carlson_refresh
region: node_content
weight: -37
provider: null
plugin: course_comparison_table_block
settings:
  id: course_comparison_table_block
  label: 'Course Comparison Table Block'
  label_display: '0'
  provider: course_comparison_table
visibility:
  condition_group:
    id: condition_group
    negate: false
    block_visibility_group: ''
  request_path:
    id: request_path
    negate: false
    pages: "/degrees/master-business-administration/compare\r\n/degrees/master-business-administration/online-mba/academic-experience/program-comparison\r\n/degrees/compare-programs\r\n/graduate/resources/compare-programs"
